
Microsoft Visual Studio Solution File, Format Version 12.00
# Visual Studio Version 17
VisualStudioVersion = 17.4.33122.133
MinimumVisualStudioVersion = 10.0.40219.1
Project("{FAE04EC0-301F-11D3-BF4B-00C04F79EFBC}") = "Teste_Hub", "Teste_Hub\Teste_Hub.csproj", "{60868967-F365-445D-89BC-4CE8C7A42B31}"
EndProject
Global
	GlobalSection(SolutionConfigurationPlatforms) = preSolution
		Debug|Any CPU = Debug|Any CPU
		Release|Any CPU = Release|Any CPU
	EndGlobalSection
	GlobalSection(ProjectConfigurationPlatforms) = postSolution
		{60868967-F365-445D-89BC-4CE8C7A42B31}.Debug|Any CPU.ActiveCfg = Debug|Any CPU
		{60868967-F365-445D-89BC-4CE8C7A42B31}.Debug|Any CPU.Build.0 = Debug|Any CPU
		{60868967-F365-445D-89BC-4CE8C7A42B31}.Release|Any CPU.ActiveCfg = Release|Any CPU
		{60868967-F365-445D-89BC-4CE8C7A42B31}.Release|Any CPU.Build.0 = Release|Any CPU
	EndGlobalSection
	GlobalSection(SolutionProperties) = preSolution
		HideSolutionNode = FALSE
	EndGlobalSection
	GlobalSection(ExtensibilityGlobals) = postSolution
		SolutionGuid = {48A259A4-FA43-47AC-AB95-530A59916449}
	EndGlobalSection
EndGlobal
